
Microsoft Visual Studio Solution File, Format Version 12.00
# Visual Studio 15
VisualStudioVersion = 15.0.26014.0
MinimumVisualStudioVersion = 10.0.40219.1
Project("{FAE04EC0-301F-11D3-BF4B-00C04F79EFBC}") = "FluentOptionals.Tests", "fluentOptionals.Tests\FluentOptionals.Tests.csproj", "{95A08A3F-C304-4459-A9EF-C62F16A348F5}"
EndProject
Project("{FAE04EC0-301F-11D3-BF4B-00C04F79EFBC}") = "FluentOptionals", "fluentOptionals\fluentOptionals.csproj", "{003AF762-0C13-4865-B807-39058BD388D0}"
EndProject
Global
	GlobalSection(SolutionConfigurationPlatforms) = preSolution
		Debug|Any CPU = Debug|Any CPU
		Debug|x64 = Debug|x64
		Debug|x86 = Debug|x86
		Release|Any CPU = Release|Any CPU
		Release|x64 = Release|x64
		Release|x86 = Release|x86
	EndGlobalSection
	GlobalSection(ProjectConfigurationPlatforms) = postSolution
		{A1DBD4A0-0B9B-48D8-9C95-4D291AFAF391}.Debug|Any CPU.ActiveCfg = Debug|Any CPU
		{A1DBD4A0-0B9B-48D8-9C95-4D291AFAF391}.Debug|Any CPU.Build.0 = Debug|Any CPU
		{A1DBD4A0-0B9B-48D8-9C95-4D291AFAF391}.Debug|x64.ActiveCfg = Debug|Any CPU
		{A1DBD4A0-0B9B-48D8-9C95-4D291AFAF391}.Debug|x64.Build.0 = Debug|Any CPU
		{A1DBD4A0-0B9B-48D8-9C95-4D291AFAF391}.Debug|x86.ActiveCfg = Debug|Any CPU
		{A1DBD4A0-0B9B-48D8-9C95-4D291AFAF391}.Debug|x86.Build.0 = Debug|Any CPU
		{A1DBD4A0-0B9B-48D8-9C95-4D291AFAF391}.Release|Any CPU.ActiveCfg = Release|Any CPU
		{A1DBD4A0-0B9B-48D8-9C95-4D291AFAF391}.Release|Any CPU.Build.0 = Release|Any CPU
		{A1DBD4A0-0B9B-48D8-9C95-4D291AFAF391}.Release|x64.ActiveCfg = Release|Any CPU
		{A1DBD4A0-0B9B-48D8-9C95-4D291AFAF391}.Release|x64.Build.0 = Release|Any CPU
		{A1DBD4A0-0B9B-48D8-9C95-4D291AFAF391}.Release|x86.ActiveCfg = Release|Any CPU
		{A1DBD4A0-0B9B-48D8-9C95-4D291AFAF391}.Release|x86.Build.0 = Release|Any CPU
		{95A08A3F-C304-4459-A9EF-C62F16A348F5}.Debug|Any CPU.ActiveCfg = Debug|Any CPU
		{95A08A3F-C304-4459-A9EF-C62F16A348F5}.Debug|Any CPU.Build.0 = Debug|Any CPU
		{95A08A3F-C304-4459-A9EF-C62F16A348F5}.Debug|x64.ActiveCfg = Debug|Any CPU
		{95A08A3F-C304-4459-A9EF-C62F16A348F5}.Debug|x64.Build.0 = Debug|Any CPU
		{95A08A3F-C304-4459-A9EF-C62F16A348F5}.Debug|x86.ActiveCfg = Debug|Any CPU
		{95A08A3F-C304-4459-A9EF-C62F16A348F5}.Debug|x86.Build.0 = Debug|Any CPU
		{95A08A3F-C304-4459-A9EF-C62F16A348F5}.Release|Any CPU.ActiveCfg = Release|Any CPU
		{95A08A3F-C304-4459-A9EF-C62F16A348F5}.Release|Any CPU.Build.0 = Release|Any CPU
		{95A08A3F-C304-4459-A9EF-C62F16A348F5}.Release|x64.ActiveCfg = Release|Any CPU
		{95A08A3F-C304-4459-A9EF-C62F16A348F5}.Release|x64.Build.0 = Release|Any CPU
		{95A08A3F-C304-4459-A9EF-C62F16A348F5}.Release|x86.ActiveCfg = Release|Any CPU
		{95A08A3F-C304-4459-A9EF-C62F16A348F5}.Release|x86.Build.0 = Release|Any CPU
		{003AF762-0C13-4865-B807-39058BD388D0}.Debug|Any CPU.ActiveCfg = Debug|Any CPU
		{003AF762-0C13-4865-B807-39058BD388D0}.Debug|Any CPU.Build.0 = Debug|Any CPU
		{003AF762-0C13-4865-B807-39058BD388D0}.Debug|x64.ActiveCfg = Debug|x64
		{003AF762-0C13-4865-B807-39058BD388D0}.Debug|x64.Build.0 = Debug|x64
		{003AF762-0C13-4865-B807-39058BD388D0}.Debug|x86.ActiveCfg = Debug|x86
		{003AF762-0C13-4865-B807-39058BD388D0}.Debug|x86.Build.0 = Debug|x86
		{003AF762-0C13-4865-B807-39058BD388D0}.Release|Any CPU.ActiveCfg = Release|Any CPU
		{003AF762-0C13-4865-B807-39058BD388D0}.Release|Any CPU.Build.0 = Release|Any CPU
		{003AF762-0C13-4865-B807-39058BD388D0}.Release|x64.ActiveCfg = Release|x64
		{003AF762-0C13-4865-B807-39058BD388D0}.Release|x64.Build.0 = Release|x64
		{003AF762-0C13-4865-B807-39058BD388D0}.Release|x86.ActiveCfg = Release|x86
		{003AF762-0C13-4865-B807-39058BD388D0}.Release|x86.Build.0 = Release|x86
	EndGlobalSection
	GlobalSection(SolutionProperties) = preSolution
		HideSolutionNode = FALSE
	EndGlobalSection
EndGlobal
